// !$*UTF8*$!
{
	archiveVersion = 1;
	classes = {
	};
	objectVersion = 56;
	objects = {

/* Begin PBXBuildFile section */
		C694C78C29C228A000F9C4F4 /* ArkanoidCloneApp.swift in Sources */ = {isa = PBXBuildFile; fileRef = C694C78B29C228A000F9C4F4 /* ArkanoidCloneApp.swift */; };
		C694C78E29C228A000F9C4F4 /* ContentView.swift in Sources */ = {isa = PBXBuildFile; fileRef = C694C78D29C228A000F9C4F4 /* ContentView.swift */; };
		C694C79029C228A000F9C4F4 /* Assets.xcassets in Resources */ = {isa = PBXBuildFile; fileRef = C694C78F29C228A000F9C4F4 /* Assets.xcassets */; };
		C694C79329C228A000F9C4F4 /* Preview Assets.xcassets in Resources */ = {isa = PBXBuildFile; fileRef = C694C79229C228A000F9C4F4 /* Preview Assets.xcassets */; };
		C694C79D29C228A100F9C4F4 /* ArkanoidCloneTests.swift in Sources */ = {isa = PBXBuildFile; fileRef = C694C79C29C228A100F9C4F4 /* ArkanoidCloneTests.swift */; };
		C694C7A729C228A100F9C4F4 /* ArkanoidCloneUITests.swift in Sources */ = {isa = PBXBuildFile; fileRef = C694C7A629C228A100F9C4F4 /* ArkanoidCloneUITests.swift */; };
		C694C7A929C228A100F9C4F4 /* ArkanoidCloneUITestsLaunchTests.swift in Sources */ = {isa = PBXBuildFile; fileRef = C694C7A829C228A100F9C4F4 /* ArkanoidCloneUITestsLaunchTests.swift */; };
/* End PBXBuildFile section */

/* Begin PBXContainerItemProxy section */
		C694C79929C228A100F9C4F4 /* PBXContainerItemProxy */ = {
			isa = PBXContainerItemProxy;
			containerPortal = C694C78029C2289F00F9C4F4 /* Project object */;
			proxyType = 1;
			remoteGlobalIDString = C694C78729C228A000F9C4F4;
			remoteInfo = ArkanoidClone;
		};
		C694C7A329C228A100F9C4F4 /* PBXContainerItemProxy */ = {
			isa = PBXContainerItemProxy;
			containerPortal = C694C78029C2289F00F9C4F4 /* Project object */;
			proxyType = 1;
			remoteGlobalIDString = C694C78729C228A000F9C4F4;
			remoteInfo = ArkanoidClone;
		};
/* End PBXContainerItemProxy section */

/* Begin PBXFileReference section */
		C694C78829C228A000F9C4F4 /* ArkanoidClone.app */ = {isa = PBXFileReference; explicitFileType = wrapper.application; includeInIndex = 0; path = ArkanoidClone.app; sourceTree = BUILT_PRODUCTS_DIR; };
		C694C78B29C228A000F9C4F4 /* ArkanoidCloneApp.swift */ = {isa = PBXFileReference; lastKnownFileType = sourcecode.swift; path = ArkanoidCloneApp.swift; sourceTree = "<group>"; };
		C694C78D29C228A000F9C4F4 /* ContentView.swift */ = {isa = PBXFileReference; lastKnownFileType = sourcecode.swift; path = ContentView.swift; sourceTree = "<group>"; };
		C694C78F29C228A000F9C4F4 /* Assets.xcassets */ = {isa = PBXFileReference; lastKnownFileType = folder.assetcatalog; path = Assets.xcassets; sourceTree = "<group>"; };
		C694C79229C228A000F9C4F4 /* Preview Assets.xcassets */ = {isa = PBXFileReference; lastKnownFileType = folder.assetcatalog; path = "Preview Assets.xcassets"; sourceTree = "<group>"; };
		C694C79829C228A100F9C4F4 /* ArkanoidCloneTests.xctest */ = {isa = PBXFileReference; explicitFileType = wrapper.cfbundle; includeInIndex = 0; path = ArkanoidCloneTests.xctest; sourceTree = BUILT_PRODUCTS_DIR; };
		C694C79C29C228A100F9C4F4 /* ArkanoidCloneTests.swift */ = {isa = PBXFileReference; lastKnownFileType = sourcecode.swift; path = ArkanoidCloneTests.swift; sourceTree = "<group>"; };
		C694C7A229C228A100F9C4F4 /* ArkanoidCloneUITests.xctest */ = {isa = PBXFileReference; explicitFileType = wrapper.cfbundle; includeInIndex = 0; path = ArkanoidCloneUITests.xctest; sourceTree = BUILT_PRODUCTS_DIR; };
		C694C7A629C228A100F9C4F4 /* ArkanoidCloneUITests.swift */ = {isa = PBXFileReference; lastKnownFileType = sourcecode.swift; path = ArkanoidCloneUITests.swift; sourceTree = "<group>"; };
		C694C7A829C228A100F9C4F4 /* ArkanoidCloneUITestsLaunchTests.swift */ = {isa = PBXFileReference; lastKnownFileType = sourcecode.swift; path = ArkanoidCloneUITestsLaunchTests.swift; sourceTree = "<group>"; };
/* End PBXFileReference section */

/* Begin PBXFrameworksBuildPhase section */
		C694C78529C228A000F9C4F4 /* Frameworks */ = {
			isa = PBXFrameworksBuildPhase;
			buildActionMask = 2147483647;
			files = (
			);
			runOnlyForDeploymentPostprocessing = 0;
		};
		C694C79529C228A100F9C4F4 /* Frameworks */ = {
			isa = PBXFrameworksBuildPhase;
			buildActionMask = 2147483647;
			files = (
			);
			runOnlyForDeploymentPostprocessing = 0;
		};
		C694C79F29C228A100F9C4F4 /* Frameworks */ = {
			isa = PBXFrameworksBuildPhase;
			buildActionMask = 2147483647;
			files = (
			);
			runOnlyForDeploymentPostprocessing = 0;
		};
/* End PBXFrameworksBuildPhase section */

/* Begin PBXGroup section */
		C694C77F29C2289F00F9C4F4 = {
			isa = PBXGroup;
			children = (
				C694C78A29C228A000F9C4F4 /* ArkanoidClone */,
				C694C79B29C228A100F9C4F4 /* ArkanoidCloneTests */,
				C694C7A529C228A100F9C4F4 /* ArkanoidCloneUITests */,
				C694C78929C228A000F9C4F4 /* Products */,
			);
			sourceTree = "<group>";
		};
		C694C78929C228A000F9C4F4 /* Products */ = {
			isa = PBXGroup;
			children = (
				C694C78829C228A000F9C4F4 /* ArkanoidClone.app */,
				C694C79829C228A100F9C4F4 /* ArkanoidCloneTests.xctest */,
				C694C7A229C228A100F9C4F4 /* ArkanoidCloneUITests.xctest */,
			);
			name = Products;
			sourceTree = "<group>";
		};
		C694C78A29C228A000F9C4F4 /* ArkanoidClone */ = {
			isa = PBXGroup;
			children = (
				C694C78B29C228A000F9C4F4 /* ArkanoidCloneApp.swift */,
				C694C78D29C228A000F9C4F4 /* ContentView.swift */,
				C694C78F29C228A000F9C4F4 /* Assets.xcassets */,
				C694C79129C228A000F9C4F4 /* Preview Content */,
			);
			path = ArkanoidClone;
			sourceTree = "<group>";
		};
		C694C79129C228A000F9C4F4 /* Preview Content */ = {
			isa = PBXGroup;
			children = (
				C694C79229C228A000F9C4F4 /* Preview Assets.xcassets */,
			);
			path = "Preview Content";
			sourceTree = "<group>";
		};
		C694C79B29C228A100F9C4F4 /* ArkanoidCloneTests */ = {
			isa = PBXGroup;
			children = (
				C694C79C29C228A100F9C4F4 /* ArkanoidCloneTests.swift */,
			);
			path = ArkanoidCloneTests;
			sourceTree = "<group>";
		};
		C694C7A529C228A100F9C4F4 /* ArkanoidCloneUITests */ = {
			isa = PBXGroup;
			children = (
				C694C7A629C228A100F9C4F4 /* ArkanoidCloneUITests.swift */,
				C694C7A829C228A100F9C4F4 /* ArkanoidCloneUITestsLaunchTests.swift */,
			);
			path = ArkanoidCloneUITests;
			sourceTree = "<group>";
		};
/* End PBXGroup section */

/* Begin PBXNativeTarget section */
		C694C78729C228A000F9C4F4 /* ArkanoidClone */ = {
			isa = PBXNativeTarget;
			buildConfigurationList = C694C7AC29C228A100F9C4F4 /* Build configuration list for PBXNativeTarget "ArkanoidClone" */;
			buildPhases = (
				C694C78429C228A000F9C4F4 /* Sources */,
				C694C78529C228A000F9C4F4 /* Frameworks */,
				C694C78629C228A000F9C4F4 /* Resources */,
			);
			buildRules = (
			);
			dependencies = (
			);
			name = ArkanoidClone;
			productName = ArkanoidClone;
			productReference = C694C78829C228A000F9C4F4 /* ArkanoidClone.app */;
			productType = "com.apple.product-type.application";
		};
		C694C79729C228A100F9C4F4 /* ArkanoidCloneTests */ = {
			isa = PBXNativeTarget;
			buildConfigurationList = C694C7AF29C228A100F9C4F4 /* Build configuration list for PBXNativeTarget "ArkanoidCloneTests" */;
			buildPhases = (
				C694C79429C228A100F9C4F4 /* Sources */,
				C694C79529C228A100F9C4F4 /* Frameworks */,
				C694C79629C228A100F9C4F4 /* Resources */,
			);
			buildRules = (
			);
			dependencies = (
				C694C79A29C228A100F9C4F4 /* PBXTargetDependency */,
			);
			name = ArkanoidCloneTests;
			productName = ArkanoidCloneTests;
			productReference = C694C79829C228A100F9C4F4 /* ArkanoidCloneTests.xctest */;
			productType = "com.apple.product-type.bundle.unit-test";
		};
		C694C7A129C228A100F9C4F4 /* ArkanoidCloneUITests */ = {
			isa = PBXNativeTarget;
			buildConfigurationList = C694C7B229C228A100F9C4F4 /* Build configuration list for PBXNativeTarget "ArkanoidCloneUITests" */;
			buildPhases = (
				C694C79E29C228A100F9C4F4 /* Sources */,
				C694C79F29C228A100F9C4F4 /* Frameworks */,
				C694C7A029C228A100F9C4F4 /* Resources */,
			);
			buildRules = (
			);
			dependencies = (
				C694C7A429C228A100F9C4F4 /* PBXTargetDependency */,
			);
			name = ArkanoidCloneUITests;
			productName = ArkanoidCloneUITests;
			productReference = C694C7A229C228A100F9C4F4 /* ArkanoidCloneUITests.xctest */;
			productType = "com.apple.product-type.bundle.ui-testing";
		};
/* End PBXNativeTarget section */

/* Begin PBXProject section */
		C694C78029C2289F00F9C4F4 /* Project object */ = {
			isa = PBXProject;
			attributes = {
				BuildIndependentTargetsInParallel = 1;
				LastSwiftUpdateCheck = 1420;
				LastUpgradeCheck = 1420;
				TargetAttributes = {
					C694C78729C228A000F9C4F4 = {
						CreatedOnToolsVersion = 14.2;
					};
					C694C79729C228A100F9C4F4 = {
						CreatedOnToolsVersion = 14.2;
						TestTargetID = C694C78729C228A000F9C4F4;
					};
					C694C7A129C228A100F9C4F4 = {
						CreatedOnToolsVersion = 14.2;
						TestTargetID = C694C78729C228A000F9C4F4;
					};
				};
			};
			buildConfigurationList = C694C78329C2289F00F9C4F4 /* Build configuration list for PBXProject "ArkanoidClone" */;
			compatibilityVersion = "Xcode 14.0";
			developmentRegion = en;
			hasScannedForEncodings = 0;
			knownRegions = (
				en,
				Base,
			);
			mainGroup = C694C77F29C2289F00F9C4F4;
			productRefGroup = C694C78929C228A000F9C4F4 /* Products */;
			projectDirPath = "";
			projectRoot = "";
			targets = (
				C694C78729C228A000F9C4F4 /* ArkanoidClone */,
				C694C79729C228A100F9C4F4 /* ArkanoidCloneTests */,
				C694C7A129C228A100F9C4F4 /* ArkanoidCloneUITests */,
			);
		};
/* End PBXProject section */

/* Begin PBXResourcesBuildPhase section */
		C694C78629C228A000F9C4F4 /* Resources */ = {
			isa = PBXResourcesBuildPhase;
			buildActionMask = 2147483647;
			files = (
				C694C79329C228A000F9C4F4 /* Preview Assets.xcassets in Resources */,
				C694C79029C228A000F9C4F4 /* Assets.xcassets in Resources */,
			);
			runOnlyForDeploymentPostprocessing = 0;
		};
		C694C79629C228A100F9C4F4 /* Resources */ = {
			isa = PBXResourcesBuildPhase;
			buildActionMask = 2147483647;
			files = (
			);
			runOnlyForDeploymentPostprocessing = 0;
		};
		C694C7A029C228A100F9C4F4 /* Resources */ = {
			isa = PBXResourcesBuildPhase;
			buildActionMask = 2147483647;
			files = (
			);
			runOnlyForDeploymentPostprocessing = 0;
		};
/* End PBXResourcesBuildPhase section */

/* Begin PBXSourcesBuildPhase section */
		C694C78429C228A000F9C4F4 /* Sources */ = {
			isa = PBXSourcesBuildPhase;
			buildActionMask = 2147483647;
			files = (
				C694C78E29C228A000F9C4F4 /* ContentView.swift in Sources */,
				C694C78C29C228A000F9C4F4 /* ArkanoidCloneApp.swift in Sources */,
			);
			runOnlyForDeploymentPostprocessing = 0;
		};
		C694C79429C228A100F9C4F4 /* Sources */ = {
			isa = PBXSourcesBuildPhase;
			buildActionMask = 2147483647;
			files = (
				C694C79D29C228A100F9C4F4 /* ArkanoidCloneTests.swift in Sources */,
			);
			runOnlyForDeploymentPostprocessing = 0;
		};
		C694C79E29C228A100F9C4F4 /* Sources */ = {
			isa = PBXSourcesBuildPhase;
			buildActionMask = 2147483647;
			files = (
				C694C7A729C228A100F9C4F4 /* ArkanoidCloneUITests.swift in Sources */,
				C694C7A929C228A100F9C4F4 /* ArkanoidCloneUITestsLaunchTests.swift in Sources */,
			);
			runOnlyForDeploymentPostprocessing = 0;
		};
/* End PBXSourcesBuildPhase section */

/* Begin PBXTargetDependency section */
		C694C79A29C228A100F9C4F4 /* PBXTargetDependency */ = {
			isa = PBXTargetDependency;
			target = C694C78729C228A000F9C4F4 /* ArkanoidClone */;
			targetProxy = C694C79929C228A100F9C4F4 /* PBXContainerItemProxy */;
		};
		C694C7A429C228A100F9C4F4 /* PBXTargetDependency */ = {
			isa = PBXTargetDependency;
			target = C694C78729C228A000F9C4F4 /* ArkanoidClone */;
			targetProxy = C694C7A329C228A100F9C4F4 /* PBXContainerItemProxy */;
		};
/* End PBXTargetDependency section */

/* Begin XCBuildConfiguration section */
		C694C7AA29C228A100F9C4F4 /* Debug */ = {
			isa = XCBuildConfiguration;
			buildSettings = {
				ALWAYS_SEARCH_USER_PATHS = NO;
				CLANG_ANALYZER_NONNULL = YES;
				CLANG_ANALYZER_NUMBER_OBJECT_CONVERSION = YES_AGGRESSIVE;
				CLANG_CXX_LANGUAGE_STANDARD = "gnu++20";
				CLANG_ENABLE_MODULES = YES;
				CLANG_ENABLE_OBJC_ARC = YES;
				CLANG_ENABLE_OBJC_WEAK = YES;
				CLANG_WARN_BLOCK_CAPTURE_AUTORELEASING = YES;
				CLANG_WARN_BOOL_CONVERSION = YES;
				CLANG_WARN_COMMA = YES;
				CLANG_WARN_CONSTANT_CONVERSION = YES;
				CLANG_WARN_DEPRECATED_OBJC_IMPLEMENTATIONS = YES;
				CLANG_WARN_DIRECT_OBJC_ISA_USAGE = YES_ERROR;
				CLANG_WARN_DOCUMENTATION_COMMENTS = YES;
				CLANG_WARN_EMPTY_BODY = YES;
				CLANG_WARN_ENUM_CONVERSION = YES;
				CLANG_WARN_INFINITE_RECURSION = YES;
				CLANG_WARN_INT_CONVERSION = YES;
				CLANG_WARN_NON_LITERAL_NULL_CONVERSION = YES;
				CLANG_WARN_OBJC_IMPLICIT_RETAIN_SELF = YES;
				CLANG_WARN_OBJC_LITERAL_CONVERSION = YES;
				CLANG_WARN_OBJC_ROOT_CLASS = YES_ERROR;
				CLANG_WARN_QUOTED_INCLUDE_IN_FRAMEWORK_HEADER = YES;
				CLANG_WARN_RANGE_LOOP_ANALYSIS = YES;
				CLANG_WARN_STRICT_PROTOTYPES = YES;
				CLANG_WARN_SUSPICIOUS_MOVE = YES;
				CLANG_WARN_UNGUARDED_AVAILABILITY = YES_AGGRESSIVE;
				CLANG_WARN_UNREACHABLE_CODE = YES;
				CLANG_WARN__DUPLICATE_METHOD_MATCH = YES;
				COPY_PHASE_STRIP = NO;
				DEBUG_INFORMATION_FORMAT = dwarf;
				ENABLE_STRICT_OBJC_MSGSEND = YES;
				ENABLE_TESTABILITY = YES;
				GCC_C_LANGUAGE_STANDARD = gnu11;
				GCC_DYNAMIC_NO_PIC = NO;
				GCC_NO_COMMON_BLOCKS = YES;
				GCC_OPTIMIZATION_LEVEL = 0;
				GCC_PREPROCESSOR_DEFINITIONS = (
					"DEBUG=1",
					"$(inherited)",
				);
				GCC_WARN_64_TO_32_BIT_CONVERSION = YES;
				GCC_WARN_ABOUT_RETURN_TYPE = YES_ERROR;
				GCC_WARN_UNDECLARED_SELECTOR = YES;
				GCC_WARN_UNINITIALIZED_AUTOS = YES_AGGRESSIVE;
				GCC_WARN_UNUSED_FUNCTION = YES;
				GCC_WARN_UNUSED_VARIABLE = YES;
				IPHONEOS_DEPLOYMENT_TARGET = 16.2;
				MTL_ENABLE_DEBUG_INFO = INCLUDE_SOURCE;
				MTL_FAST_MATH = YES;
				ONLY_ACTIVE_ARCH = YES;
				SDKROOT = iphoneos;
				SWIFT_ACTIVE_COMPILATION_CONDITIONS = DEBUG;
				SWIFT_OPTIMIZATION_LEVEL = "-Onone";
			};
			name = Debug;
		};
		C694C7AB29C228A100F9C4F4 /* Release */ = {
			isa = XCBuildConfiguration;
			buildSettings = {
				ALWAYS_SEARCH_USER_PATHS = NO;
				CLANG_ANALYZER_NONNULL = YES;
				CLANG_ANALYZER_NUMBER_OBJECT_CONVERSION = YES_AGGRESSIVE;
				CLANG_CXX_LANGUAGE_STANDARD = "gnu++20";
				CLANG_ENABLE_MODULES = YES;
				CLANG_ENABLE_OBJC_ARC = YES;
				CLANG_ENABLE_OBJC_WEAK = YES;
				CLANG_WARN_BLOCK_CAPTURE_AUTORELEASING = YES;
				CLANG_WARN_BOOL_CONVERSION = YES;
				CLANG_WARN_COMMA = YES;
				CLANG_WARN_CONSTANT_CONVERSION = YES;
				CLANG_WARN_DEPRECATED_OBJC_IMPLEMENTATIONS = YES;
				CLANG_WARN_DIRECT_OBJC_ISA_USAGE = YES_ERROR;
				CLANG_WARN_DOCUMENTATION_COMMENTS = YES;
				CLANG_WARN_EMPTY_BODY = YES;
				CLANG_WARN_ENUM_CONVERSION = YES;
				CLANG_WARN_INFINITE_RECURSION = YES;
				CLANG_WARN_INT_CONVERSION = YES;
				CLANG_WARN_NON_LITERAL_NULL_CONVERSION = YES;
				CLANG_WARN_OBJC_IMPLICIT_RETAIN_SELF = YES;
				CLANG_WARN_OBJC_LITERAL_CONVERSION = YES;
				CLANG_WARN_OBJC_ROOT_CLASS = YES_ERROR;
				CLANG_WARN_QUOTED_INCLUDE_IN_FRAMEWORK_HEADER = YES;
				CLANG_WARN_RANGE_LOOP_ANALYSIS = YES;
				CLANG_WARN_STRICT_PROTOTYPES = YES;
				CLANG_WARN_SUSPICIOUS_MOVE = YES;
				CLANG_WARN_UNGUARDED_AVAILABILITY = YES_AGGRESSIVE;
				CLANG_WARN_UNREACHABLE_CODE = YES;
				CLANG_WARN__DUPLICATE_METHOD_MATCH = YES;
				COPY_PHASE_STRIP = NO;
				DEBUG_INFORMATION_FORMAT = "dwarf-with-dsym";
				ENABLE_NS_ASSERTIONS = NO;
				ENABLE_STRICT_OBJC_MSGSEND = YES;
				GCC_C_LANGUAGE_STANDARD = gnu11;
				GCC_NO_COMMON_BLOCKS = YES;
				GCC_WARN_64_TO_32_BIT_CONVERSION = YES;
				GCC_WARN_ABOUT_RETURN_TYPE = YES_ERROR;
				GCC_WARN_UNDECLARED_SELECTOR = YES;
				GCC_WARN_UNINITIALIZED_AUTOS = YES_AGGRESSIVE;
				GCC_WARN_UNUSED_FUNCTION = YES;
				GCC_WARN_UNUSED_VARIABLE = YES;
				IPHONEOS_DEPLOYMENT_TARGET = 16.2;
				MTL_ENABLE_DEBUG_INFO = NO;
				MTL_FAST_MATH = YES;
				SDKROOT = iphoneos;
				SWIFT_COMPILATION_MODE = wholemodule;
				SWIFT_OPTIMIZATION_LEVEL = "-O";
				VALIDATE_PRODUCT = YES;
			};
			name = Release;
		};
		C694C7AD29C228A100F9C4F4 /* Debug */ = {
			isa = XCBuildConfiguration;
			buildSettings = {
				ASSETCATALOG_COMPILER_APPICON_NAME = AppIcon;
				ASSETCATALOG_COMPILER_GLOBAL_ACCENT_COLOR_NAME = AccentColor;
				CODE_SIGN_STYLE = Automatic;
				CURRENT_PROJECT_VERSION = 1;
				DEVELOPMENT_ASSET_PATHS = "\"ArkanoidClone/Preview Content\"";
				ENABLE_PREVIEWS = YES;
				GENERATE_INFOPLIST_FILE = YES;
				INFOPLIST_KEY_UIApplicationSceneManifest_Generation = YES;
				INFOPLIST_KEY_UIApplicationSupportsIndirectInputEvents = YES;
				INFOPLIST_KEY_UILaunchScreen_Generation = YES;
				INFOPLIST_KEY_UISupportedInterfaceOrientations_iPad = "UIInterfaceOrientationPortrait UIInterfaceOrientationPortraitUpsideDown UIInterfaceOrientationLandscapeLeft UIInterfaceOrientationLandscapeRight";
				INFOPLIST_KEY_UISupportedInterfaceOrientations_iPhone = "UIInterfaceOrientationPortrait UIInterfaceOrientationLandscapeLeft UIInterfaceOrientationLandscapeRight";
				LD_RUNPATH_SEARCH_PATHS = (
					"$(inherited)",
					"@executable_path/Frameworks",
				);
				MARKETING_VERSION = 1.0;
				PRODUCT_BUNDLE_IDENTIFIER = com.fishwick.ArkanoidClone;
				PRODUCT_NAME = "$(TARGET_NAME)";
				SWIFT_EMIT_LOC_STRINGS = YES;
				SWIFT_VERSION = 5.0;
				TARGETED_DEVICE_FAMILY = "1,2";
			};
			name = Debug;
		};
		C694C7AE29C228A100F9C4F4 /* Release */ = {
			isa = XCBuildConfiguration;
			buildSettings = {
				ASSETCATALOG_COMPILER_APPICON_NAME = AppIcon;
				ASSETCATALOG_COMPILER_GLOBAL_ACCENT_COLOR_NAME = AccentColor;
				CODE_SIGN_STYLE = Automatic;
				CURRENT_PROJECT_VERSION = 1;
				DEVELOPMENT_ASSET_PATHS = "\"ArkanoidClone/Preview Content\"";
				ENABLE_PREVIEWS = YES;
				GENERATE_INFOPLIST_FILE = YES;
				INFOPLIST_KEY_UIApplicationSceneManifest_Generation = YES;
				INFOPLIST_KEY_UIApplicationSupportsIndirectInputEvents = YES;
				INFOPLIST_KEY_UILaunchScreen_Generation = YES;
				INFOPLIST_KEY_UISupportedInterfaceOrientations_iPad = "UIInterfaceOrientationPortrait UIInterfaceOrientationPortraitUpsideDown UIInterfaceOrientationLandscapeLeft UIInterfaceOrientationLandscapeRight";
				INFOPLIST_KEY_UISupportedInterfaceOrientations_iPhone = "UIInterfaceOrientationPortrait UIInterfaceOrientationLandscapeLeft UIInterfaceOrientationLandscapeRight";
				LD_RUNPATH_SEARCH_PATHS = (
					"$(inherited)",
					"@executable_path/Frameworks",
				);
				MARKETING_VERSION = 1.0;
				PRODUCT_BUNDLE_IDENTIFIER = com.fishwick.ArkanoidClone;
				PRODUCT_NAME = "$(TARGET_NAME)";
				SWIFT_EMIT_LOC_STRINGS = YES;
				SWIFT_VERSION = 5.0;
				TARGETED_DEVICE_FAMILY = "1,2";
			};
			name = Release;
		};
		C694C7B029C228A100F9C4F4 /* Debug */ = {
			isa = XCBuildConfiguration;
			buildSettings = {
				ALWAYS_EMBED_SWIFT_STANDARD_LIBRARIES = YES;
				BUNDLE_LOADER = "$(TEST_HOST)";
				CODE_SIGN_STYLE = Automatic;
				CURRENT_PROJECT_VERSION = 1;
				GENERATE_INFOPLIST_FILE = YES;
				IPHONEOS_DEPLOYMENT_TARGET = 16.2;
				MARKETING_VERSION = 1.0;
				PRODUCT_BUNDLE_IDENTIFIER = com.fishwick.ArkanoidCloneTests;
				PRODUCT_NAME = "$(TARGET_NAME)";
				SWIFT_EMIT_LOC_STRINGS = NO;
				SWIFT_VERSION = 5.0;
				TARGETED_DEVICE_FAMILY = "1,2";
				TEST_HOST = "$(BUILT_PRODUCTS_DIR)/ArkanoidClone.app/$(BUNDLE_EXECUTABLE_FOLDER_PATH)/ArkanoidClone";
			};
			name = Debug;
		};
		C694C7B129C228A100F9C4F4 /* Release */ = {
			isa = XCBuildConfiguration;
			buildSettings = {
				ALWAYS_EMBED_SWIFT_STANDARD_LIBRARIES = YES;
				BUNDLE_LOADER = "$(TEST_HOST)";
				CODE_SIGN_STYLE = Automatic;
				CURRENT_PROJECT_VERSION = 1;
				GENERATE_INFOPLIST_FILE = YES;
				IPHONEOS_DEPLOYMENT_TARGET = 16.2;
				MARKETING_VERSION = 1.0;
				PRODUCT_BUNDLE_IDENTIFIER = com.fishwick.ArkanoidCloneTests;
				PRODUCT_NAME = "$(TARGET_NAME)";
				SWIFT_EMIT_LOC_STRINGS = NO;
				SWIFT_VERSION = 5.0;
				TARGETED_DEVICE_FAMILY = "1,2";
				TEST_HOST = "$(BUILT_PRODUCTS_DIR)/ArkanoidClone.app/$(BUNDLE_EXECUTABLE_FOLDER_PATH)/ArkanoidClone";
			};
			name = Release;
		};
		C694C7B329C228A100F9C4F4 /* Debug */ = {
			isa = XCBuildConfiguration;
			buildSettings = {
				ALWAYS_EMBED_SWIFT_STANDARD_LIBRARIES = YES;
				CODE_SIGN_STYLE = Automatic;
				CURRENT_PROJECT_VERSION = 1;
				GENERATE_INFOPLIST_FILE = YES;
				MARKETING_VERSION = 1.0;
				PRODUCT_BUNDLE_IDENTIFIER = com.fishwick.ArkanoidCloneUITests;
				PRODUCT_NAME = "$(TARGET_NAME)";
				SWIFT_EMIT_LOC_STRINGS = NO;
				SWIFT_VERSION = 5.0;
				TARGETED_DEVICE_FAMILY = "1,2";
				TEST_TARGET_NAME = ArkanoidClone;
			};
			name = Debug;
		};
		C694C7B429C228A100F9C4F4 /* Release */ = {
			isa = XCBuildConfiguration;
			buildSettings = {
				ALWAYS_EMBED_SWIFT_STANDARD_LIBRARIES = YES;
				CODE_SIGN_STYLE = Automatic;
				CURRENT_PROJECT_VERSION = 1;
				GENERATE_INFOPLIST_FILE = YES;
				MARKETING_VERSION = 1.0;
				PRODUCT_BUNDLE_IDENTIFIER = com.fishwick.ArkanoidCloneUITests;
				PRODUCT_NAME = "$(TARGET_NAME)";
				SWIFT_EMIT_LOC_STRINGS = NO;
				SWIFT_VERSION = 5.0;
				TARGETED_DEVICE_FAMILY = "1,2";
				TEST_TARGET_NAME = ArkanoidClone;
			};
			name = Release;
		};
/* End XCBuildConfiguration section */

/* Begin XCConfigurationList section */
		C694C78329C2289F00F9C4F4 /* Build configuration list for PBXProject "ArkanoidClone" */ = {
			isa = XCConfigurationList;
			buildConfigurations = (
				C694C7AA29C228A100F9C4F4 /* Debug */,
				C694C7AB29C228A100F9C4F4 /* Release */,
			);
			defaultConfigurationIsVisible = 0;
			defaultConfigurationName = Release;
		};
		C694C7AC29C228A100F9C4F4 /* Build configuration list for PBXNativeTarget "ArkanoidClone" */ = {
			isa = XCConfigurationList;
			buildConfigurations = (
				C694C7AD29C228A100F9C4F4 /* Debug */,
				C694C7AE29C228A100F9C4F4 /* Release */,
			);
			defaultConfigurationIsVisible = 0;
			defaultConfigurationName = Release;
		};
		C694C7AF29C228A100F9C4F4 /* Build configuration list for PBXNativeTarget "ArkanoidCloneTests" */ = {
			isa = XCConfigurationList;
			buildConfigurations = (
				C694C7B029C228A100F9C4F4 /* Debug */,
				C694C7B129C228A100F9C4F4 /* Release */,
			);
			defaultConfigurationIsVisible = 0;
			defaultConfigurationName = Release;
		};
		C694C7B229C228A100F9C4F4 /* Build configuration list for PBXNativeTarget "ArkanoidCloneUITests" */ = {
			isa = XCConfigurationList;
			buildConfigurations = (
				C694C7B329C228A100F9C4F4 /* Debug */,
				C694C7B429C228A100F9C4F4 /* Release */,
			);
			defaultConfigurationIsVisible = 0;
			defaultConfigurationName = Release;
		};
/* End XCConfigurationList section */
	};
	rootObject = C694C78029C2289F00F9C4F4 /* Project object */;
}
